// !$*UTF8*$!
{
	archiveVersion = 1;
	classes = {
	};
	objectVersion = 55;
	objects = {

/* Begin PBXBuildFile section */
		0A126B5128C0D16100B7A2A3 /* FirebaseAnalytics in Frameworks */ = {isa = PBXBuildFile; productRef = 0A126B5028C0D16100B7A2A3 /* FirebaseAnalytics */; };
		0A126B5528C0D16100B7A2A3 /* FirebaseAuth in Frameworks */ = {isa = PBXBuildFile; productRef = 0A126B5428C0D16100B7A2A3 /* FirebaseAuth */; };
		0A126B5728C0E28000B7A2A3 /* AuthService.swift in Sources */ = {isa = PBXBuildFile; fileRef = 0A126B5628C0E28000B7A2A3 /* AuthService.swift */; };
		0A2ADC9F28A141DC00F3F2BA /* AppDelegate.swift in Sources */ = {isa = PBXBuildFile; fileRef = 0A2ADC9E28A141DC00F3F2BA /* AppDelegate.swift */; };
		0A2ADCA128A141DC00F3F2BA /* SceneDelegate.swift in Sources */ = {isa = PBXBuildFile; fileRef = 0A2ADCA028A141DC00F3F2BA /* SceneDelegate.swift */; };
		0A2ADCA328A141DC00F3F2BA /* AuthViewController.swift in Sources */ = {isa = PBXBuildFile; fileRef = 0A2ADCA228A141DC00F3F2BA /* AuthViewController.swift */; };
		0A2ADCA828A141DF00F3F2BA /* Assets.xcassets in Resources */ = {isa = PBXBuildFile; fileRef = 0A2ADCA728A141DF00F3F2BA /* Assets.xcassets */; };
		0A2ADCAB28A141DF00F3F2BA /* LaunchScreen.storyboard in Resources */ = {isa = PBXBuildFile; fileRef = 0A2ADCA928A141DF00F3F2BA /* LaunchScreen.storyboard */; };
		0A2B78A828F05D7300F6D048 /* MMessage.swift in Sources */ = {isa = PBXBuildFile; fileRef = 0A2B78A728F05D7300F6D048 /* MMessage.swift */; };
		0A3A95C028F19C9E00152323 /* UIResponder +Extension.swift in Sources */ = {isa = PBXBuildFile; fileRef = 0A3A95BF28F19C9E00152323 /* UIResponder +Extension.swift */; };
		0A3D1EC628A38FA800E213A5 /* SignUpViewController.swift in Sources */ = {isa = PBXBuildFile; fileRef = 0A3D1EC528A38FA800E213A5 /* SignUpViewController.swift */; };
		0A3D1EC828A39CAE00E213A5 /* OneLineTextField.swift in Sources */ = {isa = PBXBuildFile; fileRef = 0A3D1EC728A39CAE00E213A5 /* OneLineTextField.swift */; };
		0A3D1ECA28A3C8B200E213A5 /* SignInViewController.swift in Sources */ = {isa = PBXBuildFile; fileRef = 0A3D1EC928A3C8B200E213A5 /* SignInViewController.swift */; };
		0A41E03028C09D2D00863426 /* ChatRequestViewController.swift in Sources */ = {isa = PBXBuildFile; fileRef = 0A41E02F28C09D2D00863426 /* ChatRequestViewController.swift */; };
		0A41E03228C0C6DE00863426 /* GoogleService-Info.plist in Resources */ = {isa = PBXBuildFile; fileRef = 0A41E03128C0C6DE00863426 /* GoogleService-Info.plist */; };
		0A41E36A28CD18160049ECFB /* UserErrors.swift in Sources */ = {isa = PBXBuildFile; fileRef = 0A41E36928CD18160049ECFB /* UserErrors.swift */; };
		0A4AFF3A28A41F5A00D0AE94 /* SetupProfileViewController.swift in Sources */ = {isa = PBXBuildFile; fileRef = 0A4AFF3928A41F5A00D0AE94 /* SetupProfileViewController.swift */; };
		0A4AFF3C28A424BB00D0AE94 /* AddPhotoView.swift in Sources */ = {isa = PBXBuildFile; fileRef = 0A4AFF3B28A424BB00D0AE94 /* AddPhotoView.swift */; };
		0A4C753728EA141200E745DA /* FirebaseStorage in Frameworks */ = {isa = PBXBuildFile; productRef = 0A4C753628EA141200E745DA /* FirebaseStorage */; };
		0A4C753928EA16B300E745DA /* StorageService.swift in Sources */ = {isa = PBXBuildFile; fileRef = 0A4C753828EA16B300E745DA /* StorageService.swift */; };
		0A4CE90B28BF780E0071EAAF /* ProfileViewController.swift in Sources */ = {isa = PBXBuildFile; fileRef = 0A4CE90A28BF780E0071EAAF /* ProfileViewController.swift */; };
		0A4CE90D28BFC7080071EAAF /* InsertableTextField.swift in Sources */ = {isa = PBXBuildFile; fileRef = 0A4CE90C28BFC7080071EAAF /* InsertableTextField.swift */; };
		0A4CE90F28BFD3EF0071EAAF /* UIView + Extension.swift in Sources */ = {isa = PBXBuildFile; fileRef = 0A4CE90E28BFD3EF0071EAAF /* UIView + Extension.swift */; };
		0A51537828E2F08A00B512F3 /* GoogleSignIn in Frameworks */ = {isa = PBXBuildFile; productRef = 0A51537728E2F08A00B512F3 /* GoogleSignIn */; };
		0A51CA4428A282CD00ECB8FC /* UILabel + Extension.swift in Sources */ = {isa = PBXBuildFile; fileRef = 0A51CA4328A282CD00ECB8FC /* UILabel + Extension.swift */; };
		0A51CA4628A2850000ECB8FC /* UIImageView + Extension.swift in Sources */ = {isa = PBXBuildFile; fileRef = 0A51CA4528A2850000ECB8FC /* UIImageView + Extension.swift */; };
		0A51CA4A28A2BA0D00ECB8FC /* ButtonFormAuthView.swift in Sources */ = {isa = PBXBuildFile; fileRef = 0A51CA4928A2BA0D00ECB8FC /* ButtonFormAuthView.swift */; };
		0A51CA4C28A2D2B300ECB8FC /* UIStackView + Extension.swift in Sources */ = {isa = PBXBuildFile; fileRef = 0A51CA4B28A2D2B300ECB8FC /* UIStackView + Extension.swift */; };
		0A52568B28C6524B0064AB6C /* AuthErrors.swift in Sources */ = {isa = PBXBuildFile; fileRef = 0A52568A28C6524B0064AB6C /* AuthErrors.swift */; };
		0A52568D28C6529F0064AB6C /* Validators.swift in Sources */ = {isa = PBXBuildFile; fileRef = 0A52568C28C6529F0064AB6C /* Validators.swift */; };
		0A52D3FE28B699A900CB47C6 /* ActiveChatCell.swift in Sources */ = {isa = PBXBuildFile; fileRef = 0A52D3FD28B699A900CB47C6 /* ActiveChatCell.swift */; };
		0A57F15228EDD5F10058CF0A /* ListenerService.swift in Sources */ = {isa = PBXBuildFile; fileRef = 0A57F15128EDD5F10058CF0A /* ListenerService.swift */; };
		0A57F15528EDEDA60058CF0A /* SDWebImage in Frameworks */ = {isa = PBXBuildFile; productRef = 0A57F15428EDEDA60058CF0A /* SDWebImage */; };
		0A5ADE8328BE142700E8512A /* MChat.swift in Sources */ = {isa = PBXBuildFile; fileRef = 0A5ADE8228BE142700E8512A /* MChat.swift */; };
		0A5ADE8528BE14AA00E8512A /* MUser.swift in Sources */ = {isa = PBXBuildFile; fileRef = 0A5ADE8428BE14AA00E8512A /* MUser.swift */; };
		0A5B1C8828BB8F3A00BF535D /* GradientView.swift in Sources */ = {isa = PBXBuildFile; fileRef = 0A5B1C8728BB8F3A00BF535D /* GradientView.swift */; };
		0A5B1C8A28BB9C5A00BF535D /* WaitingChatCell.swift in Sources */ = {isa = PBXBuildFile; fileRef = 0A5B1C8928BB9C5A00BF535D /* WaitingChatCell.swift */; };
		0A5B1C8D28BB9DFA00BF535D /* SelfConfiguringCell.swift in Sources */ = {isa = PBXBuildFile; fileRef = 0A5B1C8C28BB9DFA00BF535D /* SelfConfiguringCell.swift */; };
		0A5B1C8F28BBB95300BF535D /* SectionHeader.swift in Sources */ = {isa = PBXBuildFile; fileRef = 0A5B1C8E28BBB95300BF535D /* SectionHeader.swift */; };
		0A5BA7F128A266D600C66C62 /* UIButton + Extension.swift in Sources */ = {isa = PBXBuildFile; fileRef = 0A5BA7F028A266D600C66C62 /* UIButton + Extension.swift */; };
		0A5BA7F328A26F1500C66C62 /* UIFont + Extension.swift in Sources */ = {isa = PBXBuildFile; fileRef = 0A5BA7F228A26F1500C66C62 /* UIFont + Extension.swift */; };
		0A5BA7F528A276E800C66C62 /* UIColor + Extension.swift in Sources */ = {isa = PBXBuildFile; fileRef = 0A5BA7F428A276E800C66C62 /* UIColor + Extension.swift */; };
		0A665EC328EC0E3F00632BD1 /* UIImage + Extension.swift in Sources */ = {isa = PBXBuildFile; fileRef = 0A665EC228EC0E3F00632BD1 /* UIImage + Extension.swift */; };
		0A6A3C5E28B52FC0008EF5DB /* Bandle-Decodable.swift in Sources */ = {isa = PBXBuildFile; fileRef = 0A6A3C5D28B52FC0008EF5DB /* Bandle-Decodable.swift */; };
		0A6A3C5F28B53E11008EF5DB /* activeChats.json in Resources */ = {isa = PBXBuildFile; fileRef = 0A6A3C5B28B52D88008EF5DB /* activeChats.json */; };
		0A6A3C6028B53E13008EF5DB /* waitingChats.json in Resources */ = {isa = PBXBuildFile; fileRef = 0A6A3C5C28B52DD9008EF5DB /* waitingChats.json */; };
		0A6C46DD28BE2EFE00E7F221 /* users.json in Resources */ = {isa = PBXBuildFile; fileRef = 0A5ADE8128BE130300E8512A /* users.json */; };
		0A6C46DF28BE6CFF00E7F221 /* CandidateCell.swift in Sources */ = {isa = PBXBuildFile; fileRef = 0A6C46DE28BE6CFF00E7F221 /* CandidateCell.swift */; };
		0A6C46E128BE703800E7F221 /* UIViewController + Extension.swift in Sources */ = {isa = PBXBuildFile; fileRef = 0A6C46E028BE703800E7F221 /* UIViewController + Extension.swift */; };
		0A804E6C28EF7E9400AC0E76 /* UIApplication + Extension.swift in Sources */ = {isa = PBXBuildFile; fileRef = 0A804E6B28EF7E9400AC0E76 /* UIApplication + Extension.swift */; };
		0A90B67D28A5048200F5B4C3 /* UISegmentedControl + Extension.swift in Sources */ = {isa = PBXBuildFile; fileRef = 0A90B67C28A5048200F5B4C3 /* UISegmentedControl + Extension.swift */; };
		0AD68C3628A5399D00C7D15A /* ListViewController.swift in Sources */ = {isa = PBXBuildFile; fileRef = 0AD68C3528A5399D00C7D15A /* ListViewController.swift */; };
		0AD68C3A28A5569100C7D15A /* CandidatesViewController.swift in Sources */ = {isa = PBXBuildFile; fileRef = 0AD68C3928A5569100C7D15A /* CandidatesViewController.swift */; };
		0AD68C3C28A5570400C7D15A /* MainTabBarController.swift in Sources */ = {isa = PBXBuildFile; fileRef = 0AD68C3B28A5570400C7D15A /* MainTabBarController.swift */; };
		0AD9B82C28CB6AA90073E2F0 /* AuthNavigationDelegate.swift in Sources */ = {isa = PBXBuildFile; fileRef = 0AD9B82B28CB6AA90073E2F0 /* AuthNavigationDelegate.swift */; };
		0AD9B82E28CB6CA30073E2F0 /* FirestoreService.swift in Sources */ = {isa = PBXBuildFile; fileRef = 0AD9B82D28CB6CA30073E2F0 /* FirestoreService.swift */; };
		0AD9B83128CB6D520073E2F0 /* FirebaseFirestore in Frameworks */ = {isa = PBXBuildFile; productRef = 0AD9B83028CB6D520073E2F0 /* FirebaseFirestore */; };
/* End PBXBuildFile section */

/* Begin PBXFileReference section */
		0A126B5628C0E28000B7A2A3 /* AuthService.swift */ = {isa = PBXFileReference; lastKnownFileType = sourcecode.swift; path = AuthService.swift; sourceTree = "<group>"; };
		0A2ADC9B28A141DC00F3F2BA /* Employder.app */ = {isa = PBXFileReference; explicitFileType = wrapper.application; includeInIndex = 0; path = Employder.app; sourceTree = BUILT_PRODUCTS_DIR; };
		0A2ADC9E28A141DC00F3F2BA /* AppDelegate.swift */ = {isa = PBXFileReference; lastKnownFileType = sourcecode.swift; path = AppDelegate.swift; sourceTree = "<group>"; };
		0A2ADCA028A141DC00F3F2BA /* SceneDelegate.swift */ = {isa = PBXFileReference; lastKnownFileType = sourcecode.swift; path = SceneDelegate.swift; sourceTree = "<group>"; };
		0A2ADCA228A141DC00F3F2BA /* AuthViewController.swift */ = {isa = PBXFileReference; lastKnownFileType = sourcecode.swift; path = AuthViewController.swift; sourceTree = "<group>"; };
		0A2ADCA728A141DF00F3F2BA /* Assets.xcassets */ = {isa = PBXFileReference; lastKnownFileType = folder.assetcatalog; path = Assets.xcassets; sourceTree = "<group>"; };
		0A2ADCAA28A141DF00F3F2BA /* Base */ = {isa = PBXFileReference; lastKnownFileType = file.storyboard; name = Base; path = Base.lproj/LaunchScreen.storyboard; sourceTree = "<group>"; };
		0A2ADCAC28A141DF00F3F2BA /* Info.plist */ = {isa = PBXFileReference; lastKnownFileType = text.plist.xml; path = Info.plist; sourceTree = "<group>"; };
		0A2B78A728F05D7300F6D048 /* MMessage.swift */ = {isa = PBXFileReference; lastKnownFileType = sourcecode.swift; path = MMessage.swift; sourceTree = "<group>"; };
		0A3A95BF28F19C9E00152323 /* UIResponder +Extension.swift */ = {isa = PBXFileReference; lastKnownFileType = sourcecode.swift; path = "UIResponder +Extension.swift"; sourceTree = "<group>"; };
		0A3D1EC528A38FA800E213A5 /* SignUpViewController.swift */ = {isa = PBXFileReference; lastKnownFileType = sourcecode.swift; path = SignUpViewController.swift; sourceTree = "<group>"; };
		0A3D1EC728A39CAE00E213A5 /* OneLineTextField.swift */ = {isa = PBXFileReference; lastKnownFileType = sourcecode.swift; path = OneLineTextField.swift; sourceTree = "<group>"; };
		0A3D1EC928A3C8B200E213A5 /* SignInViewController.swift */ = {isa = PBXFileReference; lastKnownFileType = sourcecode.swift; path = SignInViewController.swift; sourceTree = "<group>"; };
		0A41E02F28C09D2D00863426 /* ChatRequestViewController.swift */ = {isa = PBXFileReference; lastKnownFileType = sourcecode.swift; path = ChatRequestViewController.swift; sourceTree = "<group>"; };
		0A41E03128C0C6DE00863426 /* GoogleService-Info.plist */ = {isa = PBXFileReference; fileEncoding = 4; lastKnownFileType = text.plist.xml; path = "GoogleService-Info.plist"; sourceTree = "<group>"; };
		0A41E36928CD18160049ECFB /* UserErrors.swift */ = {isa = PBXFileReference; lastKnownFileType = sourcecode.swift; path = UserErrors.swift; sourceTree = "<group>"; };
		0A4AFF3928A41F5A00D0AE94 /* SetupProfileViewController.swift */ = {isa = PBXFileReference; lastKnownFileType = sourcecode.swift; path = SetupProfileViewController.swift; sourceTree = "<group>"; };
		0A4AFF3B28A424BB00D0AE94 /* AddPhotoView.swift */ = {isa = PBXFileReference; lastKnownFileType = sourcecode.swift; path = AddPhotoView.swift; sourceTree = "<group>"; };
		0A4C753828EA16B300E745DA /* StorageService.swift */ = {isa = PBXFileReference; lastKnownFileType = sourcecode.swift; path = StorageService.swift; sourceTree = "<group>"; };
		0A4CE90A28BF780E0071EAAF /* ProfileViewController.swift */ = {isa = PBXFileReference; lastKnownFileType = sourcecode.swift; path = ProfileViewController.swift; sourceTree = "<group>"; };
		0A4CE90C28BFC7080071EAAF /* InsertableTextField.swift */ = {isa = PBXFileReference; lastKnownFileType = sourcecode.swift; path = InsertableTextField.swift; sourceTree = "<group>"; };
		0A4CE90E28BFD3EF0071EAAF /* UIView + Extension.swift */ = {isa = PBXFileReference; lastKnownFileType = sourcecode.swift; path = "UIView + Extension.swift"; sourceTree = "<group>"; };
		0A51CA4328A282CD00ECB8FC /* UILabel + Extension.swift */ = {isa = PBXFileReference; lastKnownFileType = sourcecode.swift; path = "UILabel + Extension.swift"; sourceTree = "<group>"; };
		0A51CA4528A2850000ECB8FC /* UIImageView + Extension.swift */ = {isa = PBXFileReference; lastKnownFileType = sourcecode.swift; path = "UIImageView + Extension.swift"; sourceTree = "<group>"; };
		0A51CA4928A2BA0D00ECB8FC /* ButtonFormAuthView.swift */ = {isa = PBXFileReference; lastKnownFileType = sourcecode.swift; path = ButtonFormAuthView.swift; sourceTree = "<group>"; };
		0A51CA4B28A2D2B300ECB8FC /* UIStackView + Extension.swift */ = {isa = PBXFileReference; lastKnownFileType = sourcecode.swift; path = "UIStackView + Extension.swift"; sourceTree = "<group>"; };
		0A52568A28C6524B0064AB6C /* AuthErrors.swift */ = {isa = PBXFileReference; lastKnownFileType = sourcecode.swift; path = AuthErrors.swift; sourceTree = "<group>"; };
		0A52568C28C6529F0064AB6C /* Validators.swift */ = {isa = PBXFileReference; lastKnownFileType = sourcecode.swift; path = Validators.swift; sourceTree = "<group>"; };
		0A52D3FD28B699A900CB47C6 /* ActiveChatCell.swift */ = {isa = PBXFileReference; lastKnownFileType = sourcecode.swift; path = ActiveChatCell.swift; sourceTree = "<group>"; };
		0A57F15128EDD5F10058CF0A /* ListenerService.swift */ = {isa = PBXFileReference; lastKnownFileType = sourcecode.swift; path = ListenerService.swift; sourceTree = "<group>"; };
		0A5ADE8128BE130300E8512A /* users.json */ = {isa = PBXFileReference; lastKnownFileType = text.json; path = users.json; sourceTree = "<group>"; };
		0A5ADE8228BE142700E8512A /* MChat.swift */ = {isa = PBXFileReference; lastKnownFileType = sourcecode.swift; path = MChat.swift; sourceTree = "<group>"; };
		0A5ADE8428BE14AA00E8512A /* MUser.swift */ = {isa = PBXFileReference; lastKnownFileType = sourcecode.swift; path = MUser.swift; sourceTree = "<group>"; };
		0A5B1C8728BB8F3A00BF535D /* GradientView.swift */ = {isa = PBXFileReference; lastKnownFileType = sourcecode.swift; path = GradientView.swift; sourceTree = "<group>"; };
		0A5B1C8928BB9C5A00BF535D /* WaitingChatCell.swift */ = {isa = PBXFileReference; lastKnownFileType = sourcecode.swift; path = WaitingChatCell.swift; sourceTree = "<group>"; };
		0A5B1C8C28BB9DFA00BF535D /* SelfConfiguringCell.swift */ = {isa = PBXFileReference; lastKnownFileType = sourcecode.swift; path = SelfConfiguringCell.swift; sourceTree = "<group>"; };
		0A5B1C8E28BBB95300BF535D /* SectionHeader.swift */ = {isa = PBXFileReference; lastKnownFileType = sourcecode.swift; path = SectionHeader.swift; sourceTree = "<group>"; };
		0A5BA7F028A266D600C66C62 /* UIButton + Extension.swift */ = {isa = PBXFileReference; lastKnownFileType = sourcecode.swift; path = "UIButton + Extension.swift"; sourceTree = "<group>"; };
		0A5BA7F228A26F1500C66C62 /* UIFont + Extension.swift */ = {isa = PBXFileReference; lastKnownFileType = sourcecode.swift; path = "UIFont + Extension.swift"; sourceTree = "<group>"; };
		0A5BA7F428A276E800C66C62 /* UIColor + Extension.swift */ = {isa = PBXFileReference; lastKnownFileType = sourcecode.swift; path = "UIColor + Extension.swift"; sourceTree = "<group>"; };
		0A665EC228EC0E3F00632BD1 /* UIImage + Extension.swift */ = {isa = PBXFileReference; lastKnownFileType = sourcecode.swift; path = "UIImage + Extension.swift"; sourceTree = "<group>"; };
		0A6A3C5B28B52D88008EF5DB /* activeChats.json */ = {isa = PBXFileReference; lastKnownFileType = text.json; path = activeChats.json; sourceTree = "<group>"; };
		0A6A3C5C28B52DD9008EF5DB /* waitingChats.json */ = {isa = PBXFileReference; lastKnownFileType = text.json; path = waitingChats.json; sourceTree = "<group>"; };
		0A6A3C5D28B52FC0008EF5DB /* Bandle-Decodable.swift */ = {isa = PBXFileReference; lastKnownFileType = sourcecode.swift; path = "Bandle-Decodable.swift"; sourceTree = "<group>"; };
		0A6C46DE28BE6CFF00E7F221 /* CandidateCell.swift */ = {isa = PBXFileReference; lastKnownFileType = sourcecode.swift; path = CandidateCell.swift; sourceTree = "<group>"; };
		0A6C46E028BE703800E7F221 /* UIViewController + Extension.swift */ = {isa = PBXFileReference; lastKnownFileType = sourcecode.swift; path = "UIViewController + Extension.swift"; sourceTree = "<group>"; };
		0A804E6B28EF7E9400AC0E76 /* UIApplication + Extension.swift */ = {isa = PBXFileReference; lastKnownFileType = sourcecode.swift; path = "UIApplication + Extension.swift"; sourceTree = "<group>"; };
		0A90B67C28A5048200F5B4C3 /* UISegmentedControl + Extension.swift */ = {isa = PBXFileReference; lastKnownFileType = sourcecode.swift; path = "UISegmentedControl + Extension.swift"; sourceTree = "<group>"; };
		0AD68C3528A5399D00C7D15A /* ListViewController.swift */ = {isa = PBXFileReference; lastKnownFileType = sourcecode.swift; path = ListViewController.swift; sourceTree = "<group>"; };
		0AD68C3928A5569100C7D15A /* CandidatesViewController.swift */ = {isa = PBXFileReference; lastKnownFileType = sourcecode.swift; path = CandidatesViewController.swift; sourceTree = "<group>"; };
		0AD68C3B28A5570400C7D15A /* MainTabBarController.swift */ = {isa = PBXFileReference; lastKnownFileType = sourcecode.swift; path = MainTabBarController.swift; sourceTree = "<group>"; };
		0AD9B82B28CB6AA90073E2F0 /* AuthNavigationDelegate.swift */ = {isa = PBXFileReference; lastKnownFileType = sourcecode.swift; path = AuthNavigationDelegate.swift; sourceTree = "<group>"; };
		0AD9B82D28CB6CA30073E2F0 /* FirestoreService.swift */ = {isa = PBXFileReference; lastKnownFileType = sourcecode.swift; path = FirestoreService.swift; sourceTree = "<group>"; };
/* End PBXFileReference section */

/* Begin PBXFrameworksBuildPhase section */
		0A2ADC9828A141DC00F3F2BA /* Frameworks */ = {
			isa = PBXFrameworksBuildPhase;
			buildActionMask = 2147483647;
			files = (
				0A57F15528EDEDA60058CF0A /* SDWebImage in Frameworks */,
				0AD9B83128CB6D520073E2F0 /* FirebaseFirestore in Frameworks */,
				0A51537828E2F08A00B512F3 /* GoogleSignIn in Frameworks */,
				0A126B5528C0D16100B7A2A3 /* FirebaseAuth in Frameworks */,
				0A4C753728EA141200E745DA /* FirebaseStorage in Frameworks */,
				0A126B5128C0D16100B7A2A3 /* FirebaseAnalytics in Frameworks */,
			);
			runOnlyForDeploymentPostprocessing = 0;
		};
/* End PBXFrameworksBuildPhase section */

/* Begin PBXGroup section */
		0A126B5828C0E28900B7A2A3 /* Services */ = {
			isa = PBXGroup;
			children = (
				0A5ADE8628BE14F000E8512A /* Models */,
				0A126B5628C0E28000B7A2A3 /* AuthService.swift */,
				0AD9B82D28CB6CA30073E2F0 /* FirestoreService.swift */,
				0A4C753828EA16B300E745DA /* StorageService.swift */,
				0A57F15128EDD5F10058CF0A /* ListenerService.swift */,
			);
			path = Services;
			sourceTree = "<group>";
		};
		0A2ADC9228A141DC00F3F2BA = {
			isa = PBXGroup;
			children = (
				0A2ADC9D28A141DC00F3F2BA /* Employder */,
				0A2ADC9C28A141DC00F3F2BA /* Products */,
				0AD9B82F28CB6D520073E2F0 /* Frameworks */,
			);
			sourceTree = "<group>";
		};
		0A2ADC9C28A141DC00F3F2BA /* Products */ = {
			isa = PBXGroup;
			children = (
				0A2ADC9B28A141DC00F3F2BA /* Employder.app */,
			);
			name = Products;
			sourceTree = "<group>";
		};
		0A2ADC9D28A141DC00F3F2BA /* Employder */ = {
			isa = PBXGroup;
			children = (
				0A2ADC9E28A141DC00F3F2BA /* AppDelegate.swift */,
				0A2ADCA028A141DC00F3F2BA /* SceneDelegate.swift */,
				0A126B5828C0E28900B7A2A3 /* Services */,
				0AD68C3828A555EF00C7D15A /* Controllers */,
				0AD68C3728A5558A00C7D15A /* Start views */,
				0A5B1C8B28BB9D2200BF535D /* Protocols */,
				0A51CA4828A2AB0700ECB8FC /* Extensions */,
				0A52568E28C686160064AB6C /* Helpers */,
				0A2ADCA728A141DF00F3F2BA /* Assets.xcassets */,
				0A2ADCA928A141DF00F3F2BA /* LaunchScreen.storyboard */,
				0A2ADCAC28A141DF00F3F2BA /* Info.plist */,
				0A41E03128C0C6DE00863426 /* GoogleService-Info.plist */,
			);
			path = Employder;
			sourceTree = "<group>";
		};
		0A51CA4728A2AAFD00ECB8FC /* UIKit */ = {
			isa = PBXGroup;
			children = (
				0A6C46E028BE703800E7F221 /* UIViewController + Extension.swift */,
				0A4CE90E28BFD3EF0071EAAF /* UIView + Extension.swift */,
				0A90B67C28A5048200F5B4C3 /* UISegmentedControl + Extension.swift */,
				0A5BA7F028A266D600C66C62 /* UIButton + Extension.swift */,
				0A804E6B28EF7E9400AC0E76 /* UIApplication + Extension.swift */,
				0A5BA7F228A26F1500C66C62 /* UIFont + Extension.swift */,
				0A3A95BF28F19C9E00152323 /* UIResponder +Extension.swift */,
				0A5BA7F428A276E800C66C62 /* UIColor + Extension.swift */,
				0A51CA4328A282CD00ECB8FC /* UILabel + Extension.swift */,
				0A665EC228EC0E3F00632BD1 /* UIImage + Extension.swift */,
				0A51CA4528A2850000ECB8FC /* UIImageView + Extension.swift */,
				0A51CA4B28A2D2B300ECB8FC /* UIStackView + Extension.swift */,
				0A6A3C5B28B52D88008EF5DB /* activeChats.json */,
				0A6A3C5C28B52DD9008EF5DB /* waitingChats.json */,
				0A5ADE8128BE130300E8512A /* users.json */,
			);
			path = UIKit;
			sourceTree = "<group>";
		};
		0A51CA4828A2AB0700ECB8FC /* Extensions */ = {
			isa = PBXGroup;
			children = (
				0A4AFF3B28A424BB00D0AE94 /* AddPhotoView.swift */,
				0A4CE90C28BFC7080071EAAF /* InsertableTextField.swift */,
				0A51CA4928A2BA0D00ECB8FC /* ButtonFormAuthView.swift */,
				0A3D1EC728A39CAE00E213A5 /* OneLineTextField.swift */,
				0A6A3C5D28B52FC0008EF5DB /* Bandle-Decodable.swift */,
				0A5B1C8728BB8F3A00BF535D /* GradientView.swift */,
				0A51CA4728A2AAFD00ECB8FC /* UIKit */,
			);
			path = Extensions;
			sourceTree = "<group>";
		};
		0A52568E28C686160064AB6C /* Helpers */ = {
			isa = PBXGroup;
			children = (
				0A52568C28C6529F0064AB6C /* Validators.swift */,
				0A52568A28C6524B0064AB6C /* AuthErrors.swift */,
				0A41E36928CD18160049ECFB /* UserErrors.swift */,
			);
			path = Helpers;
			sourceTree = "<group>";
		};
		0A52D3FC28B6997C00CB47C6 /* Cell */ = {
			isa = PBXGroup;
			children = (
				0A52D3FD28B699A900CB47C6 /* ActiveChatCell.swift */,
				0A5B1C8928BB9C5A00BF535D /* WaitingChatCell.swift */,
				0A6C46DE28BE6CFF00E7F221 /* CandidateCell.swift */,
			);
			path = Cell;
			sourceTree = "<group>";
		};
		0A5ADE8028BE126A00E8512A /* Header */ = {
			isa = PBXGroup;
			children = (
				0A5B1C8E28BBB95300BF535D /* SectionHeader.swift */,
			);
			path = Header;
			sourceTree = "<group>";
		};
		0A5ADE8628BE14F000E8512A /* Models */ = {
			isa = PBXGroup;
			children = (
				0A5ADE8228BE142700E8512A /* MChat.swift */,
				0A5ADE8428BE14AA00E8512A /* MUser.swift */,
				0A2B78A728F05D7300F6D048 /* MMessage.swift */,
			);
			path = Models;
			sourceTree = "<group>";
		};
		0A5B1C8B28BB9D2200BF535D /* Protocols */ = {
			isa = PBXGroup;
			children = (
				0A5B1C8C28BB9DFA00BF535D /* SelfConfiguringCell.swift */,
				0AD9B82B28CB6AA90073E2F0 /* AuthNavigationDelegate.swift */,
			);
			path = Protocols;
			sourceTree = "<group>";
		};
		0AD68C3728A5558A00C7D15A /* Start views */ = {
			isa = PBXGroup;
			children = (
				0A2ADCA228A141DC00F3F2BA /* AuthViewController.swift */,
				0A3D1EC528A38FA800E213A5 /* SignUpViewController.swift */,
				0A3D1EC928A3C8B200E213A5 /* SignInViewController.swift */,
				0A4AFF3928A41F5A00D0AE94 /* SetupProfileViewController.swift */,
			);
			path = "Start views";
			sourceTree = "<group>";
		};
		0AD68C3828A555EF00C7D15A /* Controllers */ = {
			isa = PBXGroup;
			children = (
				0AD68C3B28A5570400C7D15A /* MainTabBarController.swift */,
				0AD68C3528A5399D00C7D15A /* ListViewController.swift */,
				0AD68C3928A5569100C7D15A /* CandidatesViewController.swift */,
				0A4CE90A28BF780E0071EAAF /* ProfileViewController.swift */,
				0A41E02F28C09D2D00863426 /* ChatRequestViewController.swift */,
				0A52D3FC28B6997C00CB47C6 /* Cell */,
				0A5ADE8028BE126A00E8512A /* Header */,
			);
			path = Controllers;
			sourceTree = "<group>";
		};
		0AD9B82F28CB6D520073E2F0 /* Frameworks */ = {
			isa = PBXGroup;
			children = (
			);
			name = Frameworks;
			sourceTree = "<group>";
		};
/* End PBXGroup section */

/* Begin PBXNativeTarget section */
		0A2ADC9A28A141DC00F3F2BA /* Employder */ = {
			isa = PBXNativeTarget;
			buildConfigurationList = 0A2ADCAF28A141DF00F3F2BA /* Build configuration list for PBXNativeTarget "Employder" */;
			buildPhases = (
				0A2ADC9728A141DC00F3F2BA /* Sources */,
				0A2ADC9828A141DC00F3F2BA /* Frameworks */,
				0A2ADC9928A141DC00F3F2BA /* Resources */,
			);
			buildRules = (
			);
			dependencies = (
			);
			name = Employder;
			packageProductDependencies = (
				0A126B5028C0D16100B7A2A3 /* FirebaseAnalytics */,
				0A126B5428C0D16100B7A2A3 /* FirebaseAuth */,
				0AD9B83028CB6D520073E2F0 /* FirebaseFirestore */,
				0A51537728E2F08A00B512F3 /* GoogleSignIn */,
				0A4C753628EA141200E745DA /* FirebaseStorage */,
				0A57F15428EDEDA60058CF0A /* SDWebImage */,
			);
			productName = Employder;
			productReference = 0A2ADC9B28A141DC00F3F2BA /* Employder.app */;
			productType = "com.apple.product-type.application";
		};
/* End PBXNativeTarget section */

/* Begin PBXProject section */
		0A2ADC9328A141DC00F3F2BA /* Project object */ = {
			isa = PBXProject;
			attributes = {
				BuildIndependentTargetsInParallel = 1;
				LastSwiftUpdateCheck = 1340;
				LastUpgradeCheck = 1340;
				TargetAttributes = {
					0A2ADC9A28A141DC00F3F2BA = {
						CreatedOnToolsVersion = 13.4.1;
					};
				};
			};
			buildConfigurationList = 0A2ADC9628A141DC00F3F2BA /* Build configuration list for PBXProject "Employder" */;
			compatibilityVersion = "Xcode 13.0";
			developmentRegion = en;
			hasScannedForEncodings = 0;
			knownRegions = (
				en,
				Base,
			);
			mainGroup = 0A2ADC9228A141DC00F3F2BA;
			packageReferences = (
				0A126B4F28C0D16100B7A2A3 /* XCRemoteSwiftPackageReference "firebase-ios-sdk" */,
				0A51537628E2F08A00B512F3 /* XCRemoteSwiftPackageReference "GoogleSignIn-iOS" */,
				0A57F15328EDEDA60058CF0A /* XCRemoteSwiftPackageReference "SDWebImage" */,
			);
			productRefGroup = 0A2ADC9C28A141DC00F3F2BA /* Products */;
			projectDirPath = "";
			projectRoot = "";
			targets = (
				0A2ADC9A28A141DC00F3F2BA /* Employder */,
			);
		};
/* End PBXProject section */

/* Begin PBXResourcesBuildPhase section */
		0A2ADC9928A141DC00F3F2BA /* Resources */ = {
			isa = PBXResourcesBuildPhase;
			buildActionMask = 2147483647;
			files = (
				0A6C46DD28BE2EFE00E7F221 /* users.json in Resources */,
				0A2ADCAB28A141DF00F3F2BA /* LaunchScreen.storyboard in Resources */,
				0A6A3C5F28B53E11008EF5DB /* activeChats.json in Resources */,
				0A2ADCA828A141DF00F3F2BA /* Assets.xcassets in Resources */,
				0A6A3C6028B53E13008EF5DB /* waitingChats.json in Resources */,
				0A41E03228C0C6DE00863426 /* GoogleService-Info.plist in Resources */,
			);
			runOnlyForDeploymentPostprocessing = 0;
		};
/* End PBXResourcesBuildPhase section */

/* Begin PBXSourcesBuildPhase section */
		0A2ADC9728A141DC00F3F2BA /* Sources */ = {
			isa = PBXSourcesBuildPhase;
			buildActionMask = 2147483647;
			files = (
				0AD9B82E28CB6CA30073E2F0 /* FirestoreService.swift in Sources */,
				0AD68C3628A5399D00C7D15A /* ListViewController.swift in Sources */,
				0A3D1EC828A39CAE00E213A5 /* OneLineTextField.swift in Sources */,
				0A5B1C8F28BBB95300BF535D /* SectionHeader.swift in Sources */,
				0A5B1C8828BB8F3A00BF535D /* GradientView.swift in Sources */,
				0A57F15228EDD5F10058CF0A /* ListenerService.swift in Sources */,
				0A4C753928EA16B300E745DA /* StorageService.swift in Sources */,
				0A3D1EC628A38FA800E213A5 /* SignUpViewController.swift in Sources */,
				0A52568B28C6524B0064AB6C /* AuthErrors.swift in Sources */,
				0A90B67D28A5048200F5B4C3 /* UISegmentedControl + Extension.swift in Sources */,
				0A52D3FE28B699A900CB47C6 /* ActiveChatCell.swift in Sources */,
				0A3A95C028F19C9E00152323 /* UIResponder +Extension.swift in Sources */,
				0A52568D28C6529F0064AB6C /* Validators.swift in Sources */,
				0AD68C3A28A5569100C7D15A /* CandidatesViewController.swift in Sources */,
				0A5BA7F328A26F1500C66C62 /* UIFont + Extension.swift in Sources */,
				0A5BA7F128A266D600C66C62 /* UIButton + Extension.swift in Sources */,
				0A41E36A28CD18160049ECFB /* UserErrors.swift in Sources */,
				0AD9B82C28CB6AA90073E2F0 /* AuthNavigationDelegate.swift in Sources */,
				0A804E6C28EF7E9400AC0E76 /* UIApplication + Extension.swift in Sources */,
				0A4CE90D28BFC7080071EAAF /* InsertableTextField.swift in Sources */,
				0A4AFF3A28A41F5A00D0AE94 /* SetupProfileViewController.swift in Sources */,
				0A2ADCA328A141DC00F3F2BA /* AuthViewController.swift in Sources */,
				0A4CE90B28BF780E0071EAAF /* ProfileViewController.swift in Sources */,
				0A3D1ECA28A3C8B200E213A5 /* SignInViewController.swift in Sources */,
				0A41E03028C09D2D00863426 /* ChatRequestViewController.swift in Sources */,
				0A5ADE8328BE142700E8512A /* MChat.swift in Sources */,
				0A4AFF3C28A424BB00D0AE94 /* AddPhotoView.swift in Sources */,
				0A6C46DF28BE6CFF00E7F221 /* CandidateCell.swift in Sources */,
				0A51CA4C28A2D2B300ECB8FC /* UIStackView + Extension.swift in Sources */,
				0A51CA4428A282CD00ECB8FC /* UILabel + Extension.swift in Sources */,
				0A4CE90F28BFD3EF0071EAAF /* UIView + Extension.swift in Sources */,
				0AD68C3C28A5570400C7D15A /* MainTabBarController.swift in Sources */,
				0A5BA7F528A276E800C66C62 /* UIColor + Extension.swift in Sources */,
				0A5B1C8D28BB9DFA00BF535D /* SelfConfiguringCell.swift in Sources */,
				0A6C46E128BE703800E7F221 /* UIViewController + Extension.swift in Sources */,
				0A665EC328EC0E3F00632BD1 /* UIImage + Extension.swift in Sources */,
				0A5ADE8528BE14AA00E8512A /* MUser.swift in Sources */,
				0A5B1C8A28BB9C5A00BF535D /* WaitingChatCell.swift in Sources */,
				0A6A3C5E28B52FC0008EF5DB /* Bandle-Decodable.swift in Sources */,
				0A51CA4628A2850000ECB8FC /* UIImageView + Extension.swift in Sources */,
				0A2B78A828F05D7300F6D048 /* MMessage.swift in Sources */,
				0A2ADC9F28A141DC00F3F2BA /* AppDelegate.swift in Sources */,
				0A126B5728C0E28000B7A2A3 /* AuthService.swift in Sources */,
				0A51CA4A28A2BA0D00ECB8FC /* ButtonFormAuthView.swift in Sources */,
				0A2ADCA128A141DC00F3F2BA /* SceneDelegate.swift in Sources */,
			);
			runOnlyForDeploymentPostprocessing = 0;
		};
/* End PBXSourcesBuildPhase section */

/* Begin PBXVariantGroup section */
		0A2ADCA928A141DF00F3F2BA /* LaunchScreen.storyboard */ = {
			isa = PBXVariantGroup;
			children = (
				0A2ADCAA28A141DF00F3F2BA /* Base */,
			);
			name = LaunchScreen.storyboard;
			sourceTree = "<group>";
		};
/* End PBXVariantGroup section */

/* Begin XCBuildConfiguration section */
		0A2ADCAD28A141DF00F3F2BA /* Debug */ = {
			isa = XCBuildConfiguration;
			buildSettings = {
				ALWAYS_SEARCH_USER_PATHS = NO;
				CLANG_ANALYZER_NONNULL = YES;
				CLANG_ANALYZER_NUMBER_OBJECT_CONVERSION = YES_AGGRESSIVE;
				CLANG_CXX_LANGUAGE_STANDARD = "gnu++17";
				CLANG_ENABLE_MODULES = YES;
				CLANG_ENABLE_OBJC_ARC = YES;
				CLANG_ENABLE_OBJC_WEAK = YES;
				CLANG_WARN_BLOCK_CAPTURE_AUTORELEASING = YES;
				CLANG_WARN_BOOL_CONVERSION = YES;
				CLANG_WARN_COMMA = YES;
				CLANG_WARN_CONSTANT_CONVERSION = YES;
				CLANG_WARN_DEPRECATED_OBJC_IMPLEMENTATIONS = YES;
				CLANG_WARN_DIRECT_OBJC_ISA_USAGE = YES_ERROR;
				CLANG_WARN_DOCUMENTATION_COMMENTS = YES;
				CLANG_WARN_EMPTY_BODY = YES;
				CLANG_WARN_ENUM_CONVERSION = YES;
				CLANG_WARN_INFINITE_RECURSION = YES;
				CLANG_WARN_INT_CONVERSION = YES;
				CLANG_WARN_NON_LITERAL_NULL_CONVERSION = YES;
				CLANG_WARN_OBJC_IMPLICIT_RETAIN_SELF = YES;
				CLANG_WARN_OBJC_LITERAL_CONVERSION = YES;
				CLANG_WARN_OBJC_ROOT_CLASS = YES_ERROR;
				CLANG_WARN_QUOTED_INCLUDE_IN_FRAMEWORK_HEADER = YES;
				CLANG_WARN_RANGE_LOOP_ANALYSIS = YES;
				CLANG_WARN_STRICT_PROTOTYPES = YES;
				CLANG_WARN_SUSPICIOUS_MOVE = YES;
				CLANG_WARN_UNGUARDED_AVAILABILITY = YES_AGGRESSIVE;
				CLANG_WARN_UNREACHABLE_CODE = YES;
				CLANG_WARN__DUPLICATE_METHOD_MATCH = YES;
				COPY_PHASE_STRIP = NO;
				DEBUG_INFORMATION_FORMAT = dwarf;
				ENABLE_STRICT_OBJC_MSGSEND = YES;
				ENABLE_TESTABILITY = YES;
				GCC_C_LANGUAGE_STANDARD = gnu11;
				GCC_DYNAMIC_NO_PIC = NO;
				GCC_NO_COMMON_BLOCKS = YES;
				GCC_OPTIMIZATION_LEVEL = 0;
				GCC_PREPROCESSOR_DEFINITIONS = (
					"DEBUG=1",
					"$(inherited)",
				);
				GCC_WARN_64_TO_32_BIT_CONVERSION = YES;
				GCC_WARN_ABOUT_RETURN_TYPE = YES_ERROR;
				GCC_WARN_UNDECLARED_SELECTOR = YES;
				GCC_WARN_UNINITIALIZED_AUTOS = YES_AGGRESSIVE;
				GCC_WARN_UNUSED_FUNCTION = YES;
				GCC_WARN_UNUSED_VARIABLE = YES;
				IPHONEOS_DEPLOYMENT_TARGET = 15.5;
				MTL_ENABLE_DEBUG_INFO = INCLUDE_SOURCE;
				MTL_FAST_MATH = YES;
				ONLY_ACTIVE_ARCH = YES;
				SDKROOT = iphoneos;
				SWIFT_ACTIVE_COMPILATION_CONDITIONS = DEBUG;
				SWIFT_OPTIMIZATION_LEVEL = "-Onone";
			};
			name = Debug;
		};
		0A2ADCAE28A141DF00F3F2BA /* Release */ = {
			isa = XCBuildConfiguration;
			buildSettings = {
				ALWAYS_SEARCH_USER_PATHS = NO;
				CLANG_ANALYZER_NONNULL = YES;
				CLANG_ANALYZER_NUMBER_OBJECT_CONVERSION = YES_AGGRESSIVE;
				CLANG_CXX_LANGUAGE_STANDARD = "gnu++17";
				CLANG_ENABLE_MODULES = YES;
				CLANG_ENABLE_OBJC_ARC = YES;
				CLANG_ENABLE_OBJC_WEAK = YES;
				CLANG_WARN_BLOCK_CAPTURE_AUTORELEASING = YES;
				CLANG_WARN_BOOL_CONVERSION = YES;
				CLANG_WARN_COMMA = YES;
				CLANG_WARN_CONSTANT_CONVERSION = YES;
				CLANG_WARN_DEPRECATED_OBJC_IMPLEMENTATIONS = YES;
				CLANG_WARN_DIRECT_OBJC_ISA_USAGE = YES_ERROR;
				CLANG_WARN_DOCUMENTATION_COMMENTS = YES;
				CLANG_WARN_EMPTY_BODY = YES;
				CLANG_WARN_ENUM_CONVERSION = YES;
				CLANG_WARN_INFINITE_RECURSION = YES;
				CLANG_WARN_INT_CONVERSION = YES;
				CLANG_WARN_NON_LITERAL_NULL_CONVERSION = YES;
				CLANG_WARN_OBJC_IMPLICIT_RETAIN_SELF = YES;
				CLANG_WARN_OBJC_LITERAL_CONVERSION = YES;
				CLANG_WARN_OBJC_ROOT_CLASS = YES_ERROR;
				CLANG_WARN_QUOTED_INCLUDE_IN_FRAMEWORK_HEADER = YES;
				CLANG_WARN_RANGE_LOOP_ANALYSIS = YES;
				CLANG_WARN_STRICT_PROTOTYPES = YES;
				CLANG_WARN_SUSPICIOUS_MOVE = YES;
				CLANG_WARN_UNGUARDED_AVAILABILITY = YES_AGGRESSIVE;
				CLANG_WARN_UNREACHABLE_CODE = YES;
				CLANG_WARN__DUPLICATE_METHOD_MATCH = YES;
				COPY_PHASE_STRIP = NO;
				DEBUG_INFORMATION_FORMAT = "dwarf-with-dsym";
				ENABLE_NS_ASSERTIONS = NO;
				ENABLE_STRICT_OBJC_MSGSEND = YES;
				GCC_C_LANGUAGE_STANDARD = gnu11;
				GCC_NO_COMMON_BLOCKS = YES;
				GCC_WARN_64_TO_32_BIT_CONVERSION = YES;
				GCC_WARN_ABOUT_RETURN_TYPE = YES_ERROR;
				GCC_WARN_UNDECLARED_SELECTOR = YES;
				GCC_WARN_UNINITIALIZED_AUTOS = YES_AGGRESSIVE;
				GCC_WARN_UNUSED_FUNCTION = YES;
				GCC_WARN_UNUSED_VARIABLE = YES;
				IPHONEOS_DEPLOYMENT_TARGET = 15.5;
				MTL_ENABLE_DEBUG_INFO = NO;
				MTL_FAST_MATH = YES;
				SDKROOT = iphoneos;
				SWIFT_COMPILATION_MODE = wholemodule;
				SWIFT_OPTIMIZATION_LEVEL = "-O";
				VALIDATE_PRODUCT = YES;
			};
			name = Release;
		};
		0A2ADCB028A141DF00F3F2BA /* Debug */ = {
			isa = XCBuildConfiguration;
			buildSettings = {
				ASSETCATALOG_COMPILER_APPICON_NAME = AppIcon;
				ASSETCATALOG_COMPILER_GLOBAL_ACCENT_COLOR_NAME = AccentColor;
				CODE_SIGN_STYLE = Automatic;
				CURRENT_PROJECT_VERSION = 1;
				DEVELOPMENT_TEAM = 2X8M5L8W2W;
				GENERATE_INFOPLIST_FILE = YES;
				INFOPLIST_FILE = Employder/Info.plist;
				INFOPLIST_KEY_UIApplicationSupportsIndirectInputEvents = YES;
				INFOPLIST_KEY_UILaunchStoryboardName = LaunchScreen;
				INFOPLIST_KEY_UISupportedInterfaceOrientations_iPad = "UIInterfaceOrientationPortrait UIInterfaceOrientationPortraitUpsideDown UIInterfaceOrientationLandscapeLeft UIInterfaceOrientationLandscapeRight";
				INFOPLIST_KEY_UISupportedInterfaceOrientations_iPhone = "UIInterfaceOrientationPortrait UIInterfaceOrientationLandscapeLeft UIInterfaceOrientationLandscapeRight";
				IPHONEOS_DEPLOYMENT_TARGET = 15.5;
				LD_RUNPATH_SEARCH_PATHS = (
					"$(inherited)",
					"@executable_path/Frameworks",
				);
				MARKETING_VERSION = 1.0;
				PRODUCT_BUNDLE_IDENTIFIER = SerovDev.Employder;
				PRODUCT_NAME = "$(TARGET_NAME)";
				SWIFT_EMIT_LOC_STRINGS = YES;
				SWIFT_VERSION = 5.0;
				TARGETED_DEVICE_FAMILY = "1,2";
			};
			name = Debug;
		};
		0A2ADCB128A141DF00F3F2BA /* Release */ = {
			isa = XCBuildConfiguration;
			buildSettings = {
				ASSETCATALOG_COMPILER_APPICON_NAME = AppIcon;
				ASSETCATALOG_COMPILER_GLOBAL_ACCENT_COLOR_NAME = AccentColor;
				CODE_SIGN_STYLE = Automatic;
				CURRENT_PROJECT_VERSION = 1;
				DEVELOPMENT_TEAM = 2X8M5L8W2W;
				GENERATE_INFOPLIST_FILE = YES;
				INFOPLIST_FILE = Employder/Info.plist;
				INFOPLIST_KEY_UIApplicationSupportsIndirectInputEvents = YES;
				INFOPLIST_KEY_UILaunchStoryboardName = LaunchScreen;
				INFOPLIST_KEY_UISupportedInterfaceOrientations_iPad = "UIInterfaceOrientationPortrait UIInterfaceOrientationPortraitUpsideDown UIInterfaceOrientationLandscapeLeft UIInterfaceOrientationLandscapeRight";
				INFOPLIST_KEY_UISupportedInterfaceOrientations_iPhone = "UIInterfaceOrientationPortrait UIInterfaceOrientationLandscapeLeft UIInterfaceOrientationLandscapeRight";
				IPHONEOS_DEPLOYMENT_TARGET = 15.5;
				LD_RUNPATH_SEARCH_PATHS = (
					"$(inherited)",
					"@executable_path/Frameworks",
				);
				MARKETING_VERSION = 1.0;
				PRODUCT_BUNDLE_IDENTIFIER = SerovDev.Employder;
				PRODUCT_NAME = "$(TARGET_NAME)";
				SWIFT_EMIT_LOC_STRINGS = YES;
				SWIFT_VERSION = 5.0;
				TARGETED_DEVICE_FAMILY = "1,2";
			};
			name = Release;
		};
/* End XCBuildConfiguration section */

/* Begin XCConfigurationList section */
		0A2ADC9628A141DC00F3F2BA /* Build configuration list for PBXProject "Employder" */ = {
			isa = XCConfigurationList;
			buildConfigurations = (
				0A2ADCAD28A141DF00F3F2BA /* Debug */,
				0A2ADCAE28A141DF00F3F2BA /* Release */,
			);
			defaultConfigurationIsVisible = 0;
			defaultConfigurationName = Release;
		};
		0A2ADCAF28A141DF00F3F2BA /* Build configuration list for PBXNativeTarget "Employder" */ = {
			isa = XCConfigurationList;
			buildConfigurations = (
				0A2ADCB028A141DF00F3F2BA /* Debug */,
				0A2ADCB128A141DF00F3F2BA /* Release */,
			);
			defaultConfigurationIsVisible = 0;
			defaultConfigurationName = Release;
		};
/* End XCConfigurationList section */

/* Begin XCRemoteSwiftPackageReference section */
		0A126B4F28C0D16100B7A2A3 /* XCRemoteSwiftPackageReference "firebase-ios-sdk" */ = {
			isa = XCRemoteSwiftPackageReference;
			repositoryURL = "https://github.com/firebase/firebase-ios-sdk";
			requirement = {
				kind = exactVersion;
				version = 9.5.0;
			};
		};
		0A51537628E2F08A00B512F3 /* XCRemoteSwiftPackageReference "GoogleSignIn-iOS" */ = {
			isa = XCRemoteSwiftPackageReference;
			repositoryURL = "https://github.com/google/GoogleSignIn-iOS";
			requirement = {
				kind = upToNextMajorVersion;
				minimumVersion = 6.0.0;
			};
		};
		0A57F15328EDEDA60058CF0A /* XCRemoteSwiftPackageReference "SDWebImage" */ = {
			isa = XCRemoteSwiftPackageReference;
			repositoryURL = "https://github.com/SDWebImage/SDWebImage";
			requirement = {
				kind = upToNextMajorVersion;
				minimumVersion = 5.0.0;
			};
		};
/* End XCRemoteSwiftPackageReference section */

/* Begin XCSwiftPackageProductDependency section */
		0A126B5028C0D16100B7A2A3 /* FirebaseAnalytics */ = {
			isa = XCSwiftPackageProductDependency;
			package = 0A126B4F28C0D16100B7A2A3 /* XCRemoteSwiftPackageReference "firebase-ios-sdk" */;
			productName = FirebaseAnalytics;
		};
		0A126B5428C0D16100B7A2A3 /* FirebaseAuth */ = {
			isa = XCSwiftPackageProductDependency;
			package = 0A126B4F28C0D16100B7A2A3 /* XCRemoteSwiftPackageReference "firebase-ios-sdk" */;
			productName = FirebaseAuth;
		};
		0A4C753628EA141200E745DA /* FirebaseStorage */ = {
			isa = XCSwiftPackageProductDependency;
			package = 0A126B4F28C0D16100B7A2A3 /* XCRemoteSwiftPackageReference "firebase-ios-sdk" */;
			productName = FirebaseStorage;
		};
		0A51537728E2F08A00B512F3 /* GoogleSignIn */ = {
			isa = XCSwiftPackageProductDependency;
			package = 0A51537628E2F08A00B512F3 /* XCRemoteSwiftPackageReference "GoogleSignIn-iOS" */;
			productName = GoogleSignIn;
		};
		0A57F15428EDEDA60058CF0A /* SDWebImage */ = {
			isa = XCSwiftPackageProductDependency;
			package = 0A57F15328EDEDA60058CF0A /* XCRemoteSwiftPackageReference "SDWebImage" */;
			productName = SDWebImage;
		};
		0AD9B83028CB6D520073E2F0 /* FirebaseFirestore */ = {
			isa = XCSwiftPackageProductDependency;
			package = 0A126B4F28C0D16100B7A2A3 /* XCRemoteSwiftPackageReference "firebase-ios-sdk" */;
			productName = FirebaseFirestore;
		};
/* End XCSwiftPackageProductDependency section */
	};
	rootObject = 0A2ADC9328A141DC00F3F2BA /* Project object */;
}
